
Microsoft Visual Studio Solution File, Format Version 12.00
# Visual Studio Version 17
VisualStudioVersion = 17.12.35707.178
MinimumVisualStudioVersion = 10.0.40219.1
Project("{FAE04EC0-301F-11D3-BF4B-00C04F79EFBC}") = "BOOKSHOPINGCARTMVCUI", "BOOKSHOPINGCARTMVCUI\BOOKSHOPINGCARTMVCUI.csproj", "{CA7EE03E-8DC0-429D-A79A-5274A2868296}"
EndProject
Global
	GlobalSection(SolutionConfigurationPlatforms) = preSolution
		Debug|Any CPU = Debug|Any CPU
		Release|Any CPU = Release|Any CPU
	EndGlobalSection
	GlobalSection(ProjectConfigurationPlatforms) = postSolution
		{CA7EE03E-8DC0-429D-A79A-5274A2868296}.Debug|Any CPU.ActiveCfg = Debug|Any CPU
		{CA7EE03E-8DC0-429D-A79A-5274A2868296}.Debug|Any CPU.Build.0 = Debug|Any CPU
		{CA7EE03E-8DC0-429D-A79A-5274A2868296}.Release|Any CPU.ActiveCfg = Release|Any CPU
		{CA7EE03E-8DC0-429D-A79A-5274A2868296}.Release|Any CPU.Build.0 = Release|Any CPU
	EndGlobalSection
	GlobalSection(SolutionProperties) = preSolution
		HideSolutionNode = FALSE
	EndGlobalSection
EndGlobal
